
Microsoft Visual Studio Solution File, Format Version 12.00
# Visual Studio 15
VisualStudioVersion = 15.0.28307.1622
MinimumVisualStudioVersion = 10.0.40219.1
Project("{FAE04EC0-301F-11D3-BF4B-00C04F79EFBC}") = "userdefinedexception", "userdefinedexception\userdefinedexception.csproj", "{4FCA37E1-961C-4890-A264-28EA4065DA4C}"
EndProject
Global
	GlobalSection(SolutionConfigurationPlatforms) = preSolution
		Debug|Any CPU = Debug|Any CPU
		Release|Any CPU = Release|Any CPU
	EndGlobalSection
	GlobalSection(ProjectConfigurationPlatforms) = postSolution
		{4FCA37E1-961C-4890-A264-28EA4065DA4C}.Debug|Any CPU.ActiveCfg = Debug|Any CPU
		{4FCA37E1-961C-4890-A264-28EA4065DA4C}.Debug|Any CPU.Build.0 = Debug|Any CPU
		{4FCA37E1-961C-4890-A264-28EA4065DA4C}.Release|Any CPU.ActiveCfg = Release|Any CPU
		{4FCA37E1-961C-4890-A264-28EA4065DA4C}.Release|Any CPU.Build.0 = Release|Any CPU
	EndGlobalSection
	GlobalSection(SolutionProperties) = preSolution
		HideSolutionNode = FALSE
	EndGlobalSection
	GlobalSection(ExtensibilityGlobals) = postSolution
		SolutionGuid = {67D13E3A-F5FC-4CDC-AA09-6691C6F05E7C}
	EndGlobalSection
EndGlobal
